{
  "requires": true,
  "lockfileVersion": 1,
  "dependencies": {
    "cpu-percentage": {
      "version": "1.0.3",
      "resolved": "https://registry.npmjs.org/cpu-percentage/-/cpu-percentage-1.0.3.tgz",
      "integrity": "sha1-ho/ZCS9DnR75X0qF5fpLnwfvyVw="
    },
    "timeago.js": {
      "version": "4.0.0-beta.2",
      "resolved": "https://registry.npmjs.org/timeago.js/-/timeago.js-4.0.0-beta.2.tgz",
      "integrity": "sha512-MQkHiYGoB6qZC4DNWsLc9bav+L9hpdulL6sL7okzKR8r1Ipask/tXKAio8T+4jeby8FbpbDvbnCKGrh1bLop3g=="
    }
  }
}
